
Microsoft Visual Studio Solution File, Format Version 12.00
# Visual Studio 15
VisualStudioVersion = 15.0.28307.489
MinimumVisualStudioVersion = 10.0.40219.1
Project("{FAE04EC0-301F-11D3-BF4B-00C04F79EFBC}") = "WinFormsChart", "WinFormsChart\WinFormsChart.csproj", "{8060D81E-A5FF-4248-B234-72D72458E7B2}"
EndProject
Global
	GlobalSection(SolutionConfigurationPlatforms) = preSolution
		Debug|Any CPU = Debug|Any CPU
		Release|Any CPU = Release|Any CPU
	EndGlobalSection
	GlobalSection(ProjectConfigurationPlatforms) = postSolution
		{8060D81E-A5FF-4248-B234-72D72458E7B2}.Debug|Any CPU.ActiveCfg = Debug|Any CPU
		{8060D81E-A5FF-4248-B234-72D72458E7B2}.Debug|Any CPU.Build.0 = Debug|Any CPU
		{8060D81E-A5FF-4248-B234-72D72458E7B2}.Release|Any CPU.ActiveCfg = Release|Any CPU
		{8060D81E-A5FF-4248-B234-72D72458E7B2}.Release|Any CPU.Build.0 = Release|Any CPU
	EndGlobalSection
	GlobalSection(SolutionProperties) = preSolution
		HideSolutionNode = FALSE
	EndGlobalSection
	GlobalSection(ExtensibilityGlobals) = postSolution
		SolutionGuid = {103891F6-8E19-4177-972F-C732B751DF1B}
	EndGlobalSection
EndGlobal
